
Microsoft Visual Studio Solution File, Format Version 12.00
# Visual Studio Version 16
VisualStudioVersion = 16.0.29123.88
MinimumVisualStudioVersion = 10.0.40219.1
Project("{9092AA53-FB77-4645-B42D-1CCCA6BD08BD}") = "IquitosDelivery_API", "IquitosDelivery_API.njsproj", "{C4511119-037C-4255-A044-20119257C536}"
EndProject
Global
	GlobalSection(SolutionConfigurationPlatforms) = preSolution
		Debug|Any CPU = Debug|Any CPU
		Release|Any CPU = Release|Any CPU
	EndGlobalSection
	GlobalSection(ProjectConfigurationPlatforms) = postSolution
		{C4511119-037C-4255-A044-20119257C536}.Debug|Any CPU.ActiveCfg = Debug|Any CPU
		{C4511119-037C-4255-A044-20119257C536}.Debug|Any CPU.Build.0 = Debug|Any CPU
		{C4511119-037C-4255-A044-20119257C536}.Release|Any CPU.ActiveCfg = Release|Any CPU
		{C4511119-037C-4255-A044-20119257C536}.Release|Any CPU.Build.0 = Release|Any CPU
	EndGlobalSection
	GlobalSection(SolutionProperties) = preSolution
		HideSolutionNode = FALSE
	EndGlobalSection
	GlobalSection(ExtensibilityGlobals) = postSolution
		SolutionGuid = {A05C5FC3-5941-4C79-BFED-6A4686DEA250}
	EndGlobalSection
EndGlobal
